
Microsoft Visual Studio Solution File, Format Version 12.00
# Visual Studio 15
VisualStudioVersion = 15.0.26124.0
MinimumVisualStudioVersion = 15.0.26124.0
Project("{FAE04EC0-301F-11D3-BF4B-00C04F79EFBC}") = "WebApi", "WebApi\WebApi.csproj", "{7DE5177E-B064-42F0-9E0A-37E18104C212}"
EndProject
Project("{2150E333-8FDC-42A3-9474-1A3956D46DE8}") = "Lib", "Lib", "{BD0BC5BD-6BFF-4FB5-BE35-2D8E26B0AAF2}"
EndProject
Project("{2150E333-8FDC-42A3-9474-1A3956D46DE8}") = "Transactions", "Transactions", "{1665DBE5-BA29-4420-BAB1-CEC2A216619B}"
EndProject
Project("{FAE04EC0-301F-11D3-BF4B-00C04F79EFBC}") = "Transactions.Common", "Lib\Transactions\Common\Transactions.Common.csproj", "{B79F7A77-38A7-41BB-9349-5FF04C0E33FA}"
EndProject
Project("{FAE04EC0-301F-11D3-BF4B-00C04F79EFBC}") = "Transactions.Repositories", "Lib\Transactions\Repositories\Transactions.Repositories.csproj", "{51E2490E-6B74-45DD-B05B-2A97A23107D7}"
EndProject
Project("{FAE04EC0-301F-11D3-BF4B-00C04F79EFBC}") = "Transactions.Services", "Lib\Transactions\Services\Transactions.Services.csproj", "{4E6D7BF8-858E-47AF-9B42-56ABC17CF9A2}"
EndProject
Project("{2150E333-8FDC-42A3-9474-1A3956D46DE8}") = "Utils", "Utils", "{EFC608CF-72D5-4EAC-BB87-C966218E661D}"
EndProject
Project("{FAE04EC0-301F-11D3-BF4B-00C04F79EFBC}") = "Utils.Date", "Lib\Utils\Date\Utils.Date.csproj", "{570365BB-E952-418D-8AC2-5CCEFE5FC5F5}"
EndProject
Project("{2150E333-8FDC-42A3-9474-1A3956D46DE8}") = "Core", "Core", "{46DDDE9E-3AEC-4684-A807-D870E2FFAD4B}"
EndProject
Project("{FAE04EC0-301F-11D3-BF4B-00C04F79EFBC}") = "Core.Data", "Lib\Core\Data\Core.Data.csproj", "{4A2F0C62-6FCB-4FD9-BE01-71B6961E24D6}"
EndProject
Project("{FAE04EC0-301F-11D3-BF4B-00C04F79EFBC}") = "Core.Common", "Lib\Core\Common\Core.Common.csproj", "{F7FDFBBB-7959-4634-9D76-7E2D6710F254}"
EndProject
Project("{FAE04EC0-301F-11D3-BF4B-00C04F79EFBC}") = "Core.DockerConfig", "Lib\Core\DockerConfig\Core.DockerConfig.csproj", "{6EE71770-C963-49B2-8BA8-E3FF37C22426}"
EndProject
Global
	GlobalSection(SolutionConfigurationPlatforms) = preSolution
		Debug|Any CPU = Debug|Any CPU
		Debug|x64 = Debug|x64
		Debug|x86 = Debug|x86
		Release|Any CPU = Release|Any CPU
		Release|x64 = Release|x64
		Release|x86 = Release|x86
	EndGlobalSection
	GlobalSection(SolutionProperties) = preSolution
		HideSolutionNode = FALSE
	EndGlobalSection
	GlobalSection(ProjectConfigurationPlatforms) = postSolution
		{7DE5177E-B064-42F0-9E0A-37E18104C212}.Debug|Any CPU.ActiveCfg = Debug|Any CPU
		{7DE5177E-B064-42F0-9E0A-37E18104C212}.Debug|Any CPU.Build.0 = Debug|Any CPU
		{7DE5177E-B064-42F0-9E0A-37E18104C212}.Debug|x64.ActiveCfg = Debug|Any CPU
		{7DE5177E-B064-42F0-9E0A-37E18104C212}.Debug|x64.Build.0 = Debug|Any CPU
		{7DE5177E-B064-42F0-9E0A-37E18104C212}.Debug|x86.ActiveCfg = Debug|Any CPU
		{7DE5177E-B064-42F0-9E0A-37E18104C212}.Debug|x86.Build.0 = Debug|Any CPU
		{7DE5177E-B064-42F0-9E0A-37E18104C212}.Release|Any CPU.ActiveCfg = Release|Any CPU
		{7DE5177E-B064-42F0-9E0A-37E18104C212}.Release|Any CPU.Build.0 = Release|Any CPU
		{7DE5177E-B064-42F0-9E0A-37E18104C212}.Release|x64.ActiveCfg = Release|Any CPU
		{7DE5177E-B064-42F0-9E0A-37E18104C212}.Release|x64.Build.0 = Release|Any CPU
		{7DE5177E-B064-42F0-9E0A-37E18104C212}.Release|x86.ActiveCfg = Release|Any CPU
		{7DE5177E-B064-42F0-9E0A-37E18104C212}.Release|x86.Build.0 = Release|Any CPU
		{B79F7A77-38A7-41BB-9349-5FF04C0E33FA}.Debug|Any CPU.ActiveCfg = Debug|Any CPU
		{B79F7A77-38A7-41BB-9349-5FF04C0E33FA}.Debug|Any CPU.Build.0 = Debug|Any CPU
		{B79F7A77-38A7-41BB-9349-5FF04C0E33FA}.Debug|x64.ActiveCfg = Debug|Any CPU
		{B79F7A77-38A7-41BB-9349-5FF04C0E33FA}.Debug|x64.Build.0 = Debug|Any CPU
		{B79F7A77-38A7-41BB-9349-5FF04C0E33FA}.Debug|x86.ActiveCfg = Debug|Any CPU
		{B79F7A77-38A7-41BB-9349-5FF04C0E33FA}.Debug|x86.Build.0 = Debug|Any CPU
		{B79F7A77-38A7-41BB-9349-5FF04C0E33FA}.Release|Any CPU.ActiveCfg = Release|Any CPU
		{B79F7A77-38A7-41BB-9349-5FF04C0E33FA}.Release|Any CPU.Build.0 = Release|Any CPU
		{B79F7A77-38A7-41BB-9349-5FF04C0E33FA}.Release|x64.ActiveCfg = Release|Any CPU
		{B79F7A77-38A7-41BB-9349-5FF04C0E33FA}.Release|x64.Build.0 = Release|Any CPU
		{B79F7A77-38A7-41BB-9349-5FF04C0E33FA}.Release|x86.ActiveCfg = Release|Any CPU
		{B79F7A77-38A7-41BB-9349-5FF04C0E33FA}.Release|x86.Build.0 = Release|Any CPU
		{51E2490E-6B74-45DD-B05B-2A97A23107D7}.Debug|Any CPU.ActiveCfg = Debug|Any CPU
		{51E2490E-6B74-45DD-B05B-2A97A23107D7}.Debug|Any CPU.Build.0 = Debug|Any CPU
		{51E2490E-6B74-45DD-B05B-2A97A23107D7}.Debug|x64.ActiveCfg = Debug|Any CPU
		{51E2490E-6B74-45DD-B05B-2A97A23107D7}.Debug|x64.Build.0 = Debug|Any CPU
		{51E2490E-6B74-45DD-B05B-2A97A23107D7}.Debug|x86.ActiveCfg = Debug|Any CPU
		{51E2490E-6B74-45DD-B05B-2A97A23107D7}.Debug|x86.Build.0 = Debug|Any CPU
		{51E2490E-6B74-45DD-B05B-2A97A23107D7}.Release|Any CPU.ActiveCfg = Release|Any CPU
		{51E2490E-6B74-45DD-B05B-2A97A23107D7}.Release|Any CPU.Build.0 = Release|Any CPU
		{51E2490E-6B74-45DD-B05B-2A97A23107D7}.Release|x64.ActiveCfg = Release|Any CPU
		{51E2490E-6B74-45DD-B05B-2A97A23107D7}.Release|x64.Build.0 = Release|Any CPU
		{51E2490E-6B74-45DD-B05B-2A97A23107D7}.Release|x86.ActiveCfg = Release|Any CPU
		{51E2490E-6B74-45DD-B05B-2A97A23107D7}.Release|x86.Build.0 = Release|Any CPU
		{4E6D7BF8-858E-47AF-9B42-56ABC17CF9A2}.Debug|Any CPU.ActiveCfg = Debug|Any CPU
		{4E6D7BF8-858E-47AF-9B42-56ABC17CF9A2}.Debug|Any CPU.Build.0 = Debug|Any CPU
		{4E6D7BF8-858E-47AF-9B42-56ABC17CF9A2}.Debug|x64.ActiveCfg = Debug|Any CPU
		{4E6D7BF8-858E-47AF-9B42-56ABC17CF9A2}.Debug|x64.Build.0 = Debug|Any CPU
		{4E6D7BF8-858E-47AF-9B42-56ABC17CF9A2}.Debug|x86.ActiveCfg = Debug|Any CPU
		{4E6D7BF8-858E-47AF-9B42-56ABC17CF9A2}.Debug|x86.Build.0 = Debug|Any CPU
		{4E6D7BF8-858E-47AF-9B42-56ABC17CF9A2}.Release|Any CPU.ActiveCfg = Release|Any CPU
		{4E6D7BF8-858E-47AF-9B42-56ABC17CF9A2}.Release|Any CPU.Build.0 = Release|Any CPU
		{4E6D7BF8-858E-47AF-9B42-56ABC17CF9A2}.Release|x64.ActiveCfg = Release|Any CPU
		{4E6D7BF8-858E-47AF-9B42-56ABC17CF9A2}.Release|x64.Build.0 = Release|Any CPU
		{4E6D7BF8-858E-47AF-9B42-56ABC17CF9A2}.Release|x86.ActiveCfg = Release|Any CPU
		{4E6D7BF8-858E-47AF-9B42-56ABC17CF9A2}.Release|x86.Build.0 = Release|Any CPU
		{570365BB-E952-418D-8AC2-5CCEFE5FC5F5}.Debug|Any CPU.ActiveCfg = Debug|Any CPU
		{570365BB-E952-418D-8AC2-5CCEFE5FC5F5}.Debug|Any CPU.Build.0 = Debug|Any CPU
		{570365BB-E952-418D-8AC2-5CCEFE5FC5F5}.Debug|x64.ActiveCfg = Debug|Any CPU
		{570365BB-E952-418D-8AC2-5CCEFE5FC5F5}.Debug|x64.Build.0 = Debug|Any CPU
		{570365BB-E952-418D-8AC2-5CCEFE5FC5F5}.Debug|x86.ActiveCfg = Debug|Any CPU
		{570365BB-E952-418D-8AC2-5CCEFE5FC5F5}.Debug|x86.Build.0 = Debug|Any CPU
		{570365BB-E952-418D-8AC2-5CCEFE5FC5F5}.Release|Any CPU.ActiveCfg = Release|Any CPU
		{570365BB-E952-418D-8AC2-5CCEFE5FC5F5}.Release|Any CPU.Build.0 = Release|Any CPU
		{570365BB-E952-418D-8AC2-5CCEFE5FC5F5}.Release|x64.ActiveCfg = Release|Any CPU
		{570365BB-E952-418D-8AC2-5CCEFE5FC5F5}.Release|x64.Build.0 = Release|Any CPU
		{570365BB-E952-418D-8AC2-5CCEFE5FC5F5}.Release|x86.ActiveCfg = Release|Any CPU
		{570365BB-E952-418D-8AC2-5CCEFE5FC5F5}.Release|x86.Build.0 = Release|Any CPU
		{4A2F0C62-6FCB-4FD9-BE01-71B6961E24D6}.Debug|Any CPU.ActiveCfg = Debug|Any CPU
		{4A2F0C62-6FCB-4FD9-BE01-71B6961E24D6}.Debug|Any CPU.Build.0 = Debug|Any CPU
		{4A2F0C62-6FCB-4FD9-BE01-71B6961E24D6}.Debug|x64.ActiveCfg = Debug|Any CPU
		{4A2F0C62-6FCB-4FD9-BE01-71B6961E24D6}.Debug|x64.Build.0 = Debug|Any CPU
		{4A2F0C62-6FCB-4FD9-BE01-71B6961E24D6}.Debug|x86.ActiveCfg = Debug|Any CPU
		{4A2F0C62-6FCB-4FD9-BE01-71B6961E24D6}.Debug|x86.Build.0 = Debug|Any CPU
		{4A2F0C62-6FCB-4FD9-BE01-71B6961E24D6}.Release|Any CPU.ActiveCfg = Release|Any CPU
		{4A2F0C62-6FCB-4FD9-BE01-71B6961E24D6}.Release|Any CPU.Build.0 = Release|Any CPU
		{4A2F0C62-6FCB-4FD9-BE01-71B6961E24D6}.Release|x64.ActiveCfg = Release|Any CPU
		{4A2F0C62-6FCB-4FD9-BE01-71B6961E24D6}.Release|x64.Build.0 = Release|Any CPU
		{4A2F0C62-6FCB-4FD9-BE01-71B6961E24D6}.Release|x86.ActiveCfg = Release|Any CPU
		{4A2F0C62-6FCB-4FD9-BE01-71B6961E24D6}.Release|x86.Build.0 = Release|Any CPU
		{F7FDFBBB-7959-4634-9D76-7E2D6710F254}.Debug|Any CPU.ActiveCfg = Debug|Any CPU
		{F7FDFBBB-7959-4634-9D76-7E2D6710F254}.Debug|Any CPU.Build.0 = Debug|Any CPU
		{F7FDFBBB-7959-4634-9D76-7E2D6710F254}.Debug|x64.ActiveCfg = Debug|Any CPU
		{F7FDFBBB-7959-4634-9D76-7E2D6710F254}.Debug|x64.Build.0 = Debug|Any CPU
		{F7FDFBBB-7959-4634-9D76-7E2D6710F254}.Debug|x86.ActiveCfg = Debug|Any CPU
		{F7FDFBBB-7959-4634-9D76-7E2D6710F254}.Debug|x86.Build.0 = Debug|Any CPU
		{F7FDFBBB-7959-4634-9D76-7E2D6710F254}.Release|Any CPU.ActiveCfg = Release|Any CPU
		{F7FDFBBB-7959-4634-9D76-7E2D6710F254}.Release|Any CPU.Build.0 = Release|Any CPU
		{F7FDFBBB-7959-4634-9D76-7E2D6710F254}.Release|x64.ActiveCfg = Release|Any CPU
		{F7FDFBBB-7959-4634-9D76-7E2D6710F254}.Release|x64.Build.0 = Release|Any CPU
		{F7FDFBBB-7959-4634-9D76-7E2D6710F254}.Release|x86.ActiveCfg = Release|Any CPU
		{F7FDFBBB-7959-4634-9D76-7E2D6710F254}.Release|x86.Build.0 = Release|Any CPU
		{6EE71770-C963-49B2-8BA8-E3FF37C22426}.Debug|Any CPU.ActiveCfg = Debug|Any CPU
		{6EE71770-C963-49B2-8BA8-E3FF37C22426}.Debug|Any CPU.Build.0 = Debug|Any CPU
		{6EE71770-C963-49B2-8BA8-E3FF37C22426}.Debug|x64.ActiveCfg = Debug|Any CPU
		{6EE71770-C963-49B2-8BA8-E3FF37C22426}.Debug|x64.Build.0 = Debug|Any CPU
		{6EE71770-C963-49B2-8BA8-E3FF37C22426}.Debug|x86.ActiveCfg = Debug|Any CPU
		{6EE71770-C963-49B2-8BA8-E3FF37C22426}.Debug|x86.Build.0 = Debug|Any CPU
		{6EE71770-C963-49B2-8BA8-E3FF37C22426}.Release|Any CPU.ActiveCfg = Release|Any CPU
		{6EE71770-C963-49B2-8BA8-E3FF37C22426}.Release|Any CPU.Build.0 = Release|Any CPU
		{6EE71770-C963-49B2-8BA8-E3FF37C22426}.Release|x64.ActiveCfg = Release|Any CPU
		{6EE71770-C963-49B2-8BA8-E3FF37C22426}.Release|x64.Build.0 = Release|Any CPU
		{6EE71770-C963-49B2-8BA8-E3FF37C22426}.Release|x86.ActiveCfg = Release|Any CPU
		{6EE71770-C963-49B2-8BA8-E3FF37C22426}.Release|x86.Build.0 = Release|Any CPU
	EndGlobalSection
	GlobalSection(NestedProjects) = preSolution
		{1665DBE5-BA29-4420-BAB1-CEC2A216619B} = {BD0BC5BD-6BFF-4FB5-BE35-2D8E26B0AAF2}
		{B79F7A77-38A7-41BB-9349-5FF04C0E33FA} = {1665DBE5-BA29-4420-BAB1-CEC2A216619B}
		{51E2490E-6B74-45DD-B05B-2A97A23107D7} = {1665DBE5-BA29-4420-BAB1-CEC2A216619B}
		{4E6D7BF8-858E-47AF-9B42-56ABC17CF9A2} = {1665DBE5-BA29-4420-BAB1-CEC2A216619B}
		{EFC608CF-72D5-4EAC-BB87-C966218E661D} = {BD0BC5BD-6BFF-4FB5-BE35-2D8E26B0AAF2}
		{570365BB-E952-418D-8AC2-5CCEFE5FC5F5} = {EFC608CF-72D5-4EAC-BB87-C966218E661D}
		{46DDDE9E-3AEC-4684-A807-D870E2FFAD4B} = {BD0BC5BD-6BFF-4FB5-BE35-2D8E26B0AAF2}
		{4A2F0C62-6FCB-4FD9-BE01-71B6961E24D6} = {46DDDE9E-3AEC-4684-A807-D870E2FFAD4B}
		{F7FDFBBB-7959-4634-9D76-7E2D6710F254} = {46DDDE9E-3AEC-4684-A807-D870E2FFAD4B}
		{6EE71770-C963-49B2-8BA8-E3FF37C22426} = {46DDDE9E-3AEC-4684-A807-D870E2FFAD4B}
	EndGlobalSection
EndGlobal
